
Microsoft Visual Studio Solution File, Format Version 12.00
# Visual Studio 2012
Project("{8BC9CEB8-8B4A-11D0-8D11-00A0C91BC942}") = "Minimal Spanning Trees", "Minimal Spanning Trees.vcxproj", "{CB0A6852-3270-443C-B0E2-92AED614321E}"
EndProject
Global
	GlobalSection(SolutionConfigurationPlatforms) = preSolution
		Debug|Win32 = Debug|Win32
		Release|Win32 = Release|Win32
	EndGlobalSection
	GlobalSection(ProjectConfigurationPlatforms) = postSolution
		{CB0A6852-3270-443C-B0E2-92AED614321E}.Debug|Win32.ActiveCfg = Debug|Win32
		{CB0A6852-3270-443C-B0E2-92AED614321E}.Debug|Win32.Build.0 = Debug|Win32
		{CB0A6852-3270-443C-B0E2-92AED614321E}.Release|Win32.ActiveCfg = Release|Win32
		{CB0A6852-3270-443C-B0E2-92AED614321E}.Release|Win32.Build.0 = Release|Win32
	EndGlobalSection
	GlobalSection(SolutionProperties) = preSolution
		HideSolutionNode = FALSE
	EndGlobalSection
EndGlobal
